// !$*UTF8*$!
{
	archiveVersion = 1;
	classes = {
	};
	objectVersion = 77;
	objects = {

/* Begin PBXContainerItemProxy section */
		9390FBEF2E85C22F00A35604 /* PBXContainerItemProxy */ = {
			isa = PBXContainerItemProxy;
			containerPortal = 9390FBD62E85C22D00A35604 /* Project object */;
			proxyType = 1;
			remoteGlobalIDString = 9390FBDD2E85C22D00A35604;
			remoteInfo = Megabox_2;
		};
		9390FBF92E85C22F00A35604 /* PBXContainerItemProxy */ = {
			isa = PBXContainerItemProxy;
			containerPortal = 9390FBD62E85C22D00A35604 /* Project object */;
			proxyType = 1;
			remoteGlobalIDString = 9390FBDD2E85C22D00A35604;
			remoteInfo = Megabox_2;
		};
/* End PBXContainerItemProxy section */

/* Begin PBXFileReference section */
		9390FBDE2E85C22D00A35604 /* Megabox_2.app */ = {isa = PBXFileReference; explicitFileType = wrapper.application; includeInIndex = 0; path = Megabox_2.app; sourceTree = BUILT_PRODUCTS_DIR; };
		9390FBEE2E85C22F00A35604 /* Megabox_2Tests.xctest */ = {isa = PBXFileReference; explicitFileType = wrapper.cfbundle; includeInIndex = 0; path = Megabox_2Tests.xctest; sourceTree = BUILT_PRODUCTS_DIR; };
		9390FBF82E85C22F00A35604 /* Megabox_2UITests.xctest */ = {isa = PBXFileReference; explicitFileType = wrapper.cfbundle; includeInIndex = 0; path = Megabox_2UITests.xctest; sourceTree = BUILT_PRODUCTS_DIR; };
/* End PBXFileReference section */

/* Begin PBXFileSystemSynchronizedRootGroup section */
		9390FBE02E85C22D00A35604 /* Megabox_2 */ = {
			isa = PBXFileSystemSynchronizedRootGroup;
			path = Megabox_2;
			sourceTree = "<group>";
		};
		9390FBF12E85C22F00A35604 /* Megabox_2Tests */ = {
			isa = PBXFileSystemSynchronizedRootGroup;
			path = Megabox_2Tests;
			sourceTree = "<group>";
		};
		9390FBFB2E85C22F00A35604 /* Megabox_2UITests */ = {
			isa = PBXFileSystemSynchronizedRootGroup;
			path = Megabox_2UITests;
			sourceTree = "<group>";
		};
/* End PBXFileSystemSynchronizedRootGroup section */

/* Begin PBXFrameworksBuildPhase section */
		9390FBDB2E85C22D00A35604 /* Frameworks */ = {
			isa = PBXFrameworksBuildPhase;
			buildActionMask = 2147483647;
			files = (
			);
			runOnlyForDeploymentPostprocessing = 0;
		};
		9390FBEB2E85C22F00A35604 /* Frameworks */ = {
			isa = PBXFrameworksBuildPhase;
			buildActionMask = 2147483647;
			files = (
			);
			runOnlyForDeploymentPostprocessing = 0;
		};
		9390FBF52E85C22F00A35604 /* Frameworks */ = {
			isa = PBXFrameworksBuildPhase;
			buildActionMask = 2147483647;
			files = (
			);
			runOnlyForDeploymentPostprocessing = 0;
		};
/* End PBXFrameworksBuildPhase section */

/* Begin PBXGroup section */
		9390FBD52E85C22D00A35604 = {
			isa = PBXGroup;
			children = (
				9390FBE02E85C22D00A35604 /* Megabox_2 */,
				9390FBF12E85C22F00A35604 /* Megabox_2Tests */,
				9390FBFB2E85C22F00A35604 /* Megabox_2UITests */,
				9390FBDF2E85C22D00A35604 /* Products */,
			);
			sourceTree = "<group>";
		};
		9390FBDF2E85C22D00A35604 /* Products */ = {
			isa = PBXGroup;
			children = (
				9390FBDE2E85C22D00A35604 /* Megabox_2.app */,
				9390FBEE2E85C22F00A35604 /* Megabox_2Tests.xctest */,
				9390FBF82E85C22F00A35604 /* Megabox_2UITests.xctest */,
			);
			name = Products;
			sourceTree = "<group>";
		};
/* End PBXGroup section */

/* Begin PBXNativeTarget section */
		9390FBDD2E85C22D00A35604 /* Megabox_2 */ = {
			isa = PBXNativeTarget;
			buildConfigurationList = 9390FC022E85C22F00A35604 /* Build configuration list for PBXNativeTarget "Megabox_2" */;
			buildPhases = (
				9390FBDA2E85C22D00A35604 /* Sources */,
				9390FBDB2E85C22D00A35604 /* Frameworks */,
				9390FBDC2E85C22D00A35604 /* Resources */,
			);
			buildRules = (
			);
			dependencies = (
			);
			fileSystemSynchronizedGroups = (
				9390FBE02E85C22D00A35604 /* Megabox_2 */,
			);
			name = Megabox_2;
			packageProductDependencies = (
			);
			productName = Megabox_2;
			productReference = 9390FBDE2E85C22D00A35604 /* Megabox_2.app */;
			productType = "com.apple.product-type.application";
		};
		9390FBED2E85C22F00A35604 /* Megabox_2Tests */ = {
			isa = PBXNativeTarget;
			buildConfigurationList = 9390FC052E85C22F00A35604 /* Build configuration list for PBXNativeTarget "Megabox_2Tests" */;
			buildPhases = (
				9390FBEA2E85C22F00A35604 /* Sources */,
				9390FBEB2E85C22F00A35604 /* Frameworks */,
				9390FBEC2E85C22F00A35604 /* Resources */,
			);
			buildRules = (
			);
			dependencies = (
				9390FBF02E85C22F00A35604 /* PBXTargetDependency */,
			);
			fileSystemSynchronizedGroups = (
				9390FBF12E85C22F00A35604 /* Megabox_2Tests */,
			);
			name = Megabox_2Tests;
			packageProductDependencies = (
			);
			productName = Megabox_2Tests;
			productReference = 9390FBEE2E85C22F00A35604 /* Megabox_2Tests.xctest */;
			productType = "com.apple.product-type.bundle.unit-test";
		};
		9390FBF72E85C22F00A35604 /* Megabox_2UITests */ = {
			isa = PBXNativeTarget;
			buildConfigurationList = 9390FC082E85C22F00A35604 /* Build configuration list for PBXNativeTarget "Megabox_2UITests" */;
			buildPhases = (
				9390FBF42E85C22F00A35604 /* Sources */,
				9390FBF52E85C22F00A35604 /* Frameworks */,
				9390FBF62E85C22F00A35604 /* Resources */,
			);
			buildRules = (
			);
			dependencies = (
				9390FBFA2E85C22F00A35604 /* PBXTargetDependency */,
			);
			fileSystemSynchronizedGroups = (
				9390FBFB2E85C22F00A35604 /* Megabox_2UITests */,
			);
			name = Megabox_2UITests;
			packageProductDependencies = (
			);
			productName = Megabox_2UITests;
			productReference = 9390FBF82E85C22F00A35604 /* Megabox_2UITests.xctest */;
			productType = "com.apple.product-type.bundle.ui-testing";
		};
/* End PBXNativeTarget section */

/* Begin PBXProject section */
		9390FBD62E85C22D00A35604 /* Project object */ = {
			isa = PBXProject;
			attributes = {
				BuildIndependentTargetsInParallel = 1;
				LastSwiftUpdateCheck = 1620;
				LastUpgradeCheck = 1620;
				TargetAttributes = {
					9390FBDD2E85C22D00A35604 = {
						CreatedOnToolsVersion = 16.2;
					};
					9390FBED2E85C22F00A35604 = {
						CreatedOnToolsVersion = 16.2;
						TestTargetID = 9390FBDD2E85C22D00A35604;
					};
					9390FBF72E85C22F00A35604 = {
						CreatedOnToolsVersion = 16.2;
						TestTargetID = 9390FBDD2E85C22D00A35604;
					};
				};
			};
			buildConfigurationList = 9390FBD92E85C22D00A35604 /* Build configuration list for PBXProject "Megabox_2" */;
			developmentRegion = en;
			hasScannedForEncodings = 0;
			knownRegions = (
				en,
				Base,
			);
			mainGroup = 9390FBD52E85C22D00A35604;
			minimizedProjectReferenceProxies = 1;
			preferredProjectObjectVersion = 77;
			productRefGroup = 9390FBDF2E85C22D00A35604 /* Products */;
			projectDirPath = "";
			projectRoot = "";
			targets = (
				9390FBDD2E85C22D00A35604 /* Megabox_2 */,
				9390FBED2E85C22F00A35604 /* Megabox_2Tests */,
				9390FBF72E85C22F00A35604 /* Megabox_2UITests */,
			);
		};
/* End PBXProject section */

/* Begin PBXResourcesBuildPhase section */
		9390FBDC2E85C22D00A35604 /* Resources */ = {
			isa = PBXResourcesBuildPhase;
			buildActionMask = 2147483647;
			files = (
			);
			runOnlyForDeploymentPostprocessing = 0;
		};
		9390FBEC2E85C22F00A35604 /* Resources */ = {
			isa = PBXResourcesBuildPhase;
			buildActionMask = 2147483647;
			files = (
			);
			runOnlyForDeploymentPostprocessing = 0;
		};
		9390FBF62E85C22F00A35604 /* Resources */ = {
			isa = PBXResourcesBuildPhase;
			buildActionMask = 2147483647;
			files = (
			);
			runOnlyForDeploymentPostprocessing = 0;
		};
/* End PBXResourcesBuildPhase section */

/* Begin PBXSourcesBuildPhase section */
		9390FBDA2E85C22D00A35604 /* Sources */ = {
			isa = PBXSourcesBuildPhase;
			buildActionMask = 2147483647;
			files = (
			);
			runOnlyForDeploymentPostprocessing = 0;
		};
		9390FBEA2E85C22F00A35604 /* Sources */ = {
			isa = PBXSourcesBuildPhase;
			buildActionMask = 2147483647;
			files = (
			);
			runOnlyForDeploymentPostprocessing = 0;
		};
		9390FBF42E85C22F00A35604 /* Sources */ = {
			isa = PBXSourcesBuildPhase;
			buildActionMask = 2147483647;
			files = (
			);
			runOnlyForDeploymentPostprocessing = 0;
		};
/* End PBXSourcesBuildPhase section */

/* Begin PBXTargetDependency section */
		9390FBF02E85C22F00A35604 /* PBXTargetDependency */ = {
			isa = PBXTargetDependency;
			target = 9390FBDD2E85C22D00A35604 /* Megabox_2 */;
			targetProxy = 9390FBEF2E85C22F00A35604 /* PBXContainerItemProxy */;
		};
		9390FBFA2E85C22F00A35604 /* PBXTargetDependency */ = {
			isa = PBXTargetDependency;
			target = 9390FBDD2E85C22D00A35604 /* Megabox_2 */;
			targetProxy = 9390FBF92E85C22F00A35604 /* PBXContainerItemProxy */;
		};
/* End PBXTargetDependency section */

/* Begin XCBuildConfiguration section */
		9390FC002E85C22F00A35604 /* Debug */ = {
			isa = XCBuildConfiguration;
			buildSettings = {
				ALWAYS_SEARCH_USER_PATHS = NO;
				ASSETCATALOG_COMPILER_GENERATE_SWIFT_ASSET_SYMBOL_EXTENSIONS = YES;
				CLANG_ANALYZER_NONNULL = YES;
				CLANG_ANALYZER_NUMBER_OBJECT_CONVERSION = YES_AGGRESSIVE;
				CLANG_CXX_LANGUAGE_STANDARD = "gnu++20";
				CLANG_ENABLE_MODULES = YES;
				CLANG_ENABLE_OBJC_ARC = YES;
				CLANG_ENABLE_OBJC_WEAK = YES;
				CLANG_WARN_BLOCK_CAPTURE_AUTORELEASING = YES;
				CLANG_WARN_BOOL_CONVERSION = YES;
				CLANG_WARN_COMMA = YES;
				CLANG_WARN_CONSTANT_CONVERSION = YES;
				CLANG_WARN_DEPRECATED_OBJC_IMPLEMENTATIONS = YES;
				CLANG_WARN_DIRECT_OBJC_ISA_USAGE = YES_ERROR;
				CLANG_WARN_DOCUMENTATION_COMMENTS = YES;
				CLANG_WARN_EMPTY_BODY = YES;
				CLANG_WARN_ENUM_CONVERSION = YES;
				CLANG_WARN_INFINITE_RECURSION = YES;
				CLANG_WARN_INT_CONVERSION = YES;
				CLANG_WARN_NON_LITERAL_NULL_CONVERSION = YES;
				CLANG_WARN_OBJC_IMPLICIT_RETAIN_SELF = YES;
				CLANG_WARN_OBJC_LITERAL_CONVERSION = YES;
				CLANG_WARN_OBJC_ROOT_CLASS = YES_ERROR;
				CLANG_WARN_QUOTED_INCLUDE_IN_FRAMEWORK_HEADER = YES;
				CLANG_WARN_RANGE_LOOP_ANALYSIS = YES;
				CLANG_WARN_STRICT_PROTOTYPES = YES;
				CLANG_WARN_SUSPICIOUS_MOVE = YES;
				CLANG_WARN_UNGUARDED_AVAILABILITY = YES_AGGRESSIVE;
				CLANG_WARN_UNREACHABLE_CODE = YES;
				CLANG_WARN__DUPLICATE_METHOD_MATCH = YES;
				COPY_PHASE_STRIP = NO;
				DEBUG_INFORMATION_FORMAT = dwarf;
				ENABLE_STRICT_OBJC_MSGSEND = YES;
				ENABLE_TESTABILITY = YES;
				ENABLE_USER_SCRIPT_SANDBOXING = YES;
				GCC_C_LANGUAGE_STANDARD = gnu17;
				GCC_DYNAMIC_NO_PIC = NO;
				GCC_NO_COMMON_BLOCKS = YES;
				GCC_OPTIMIZATION_LEVEL = 0;
				GCC_PREPROCESSOR_DEFINITIONS = (
					"DEBUG=1",
					"$(inherited)",
				);
				GCC_WARN_64_TO_32_BIT_CONVERSION = YES;
				GCC_WARN_ABOUT_RETURN_TYPE = YES_ERROR;
				GCC_WARN_UNDECLARED_SELECTOR = YES;
				GCC_WARN_UNINITIALIZED_AUTOS = YES_AGGRESSIVE;
				GCC_WARN_UNUSED_FUNCTION = YES;
				GCC_WARN_UNUSED_VARIABLE = YES;
				IPHONEOS_DEPLOYMENT_TARGET = 18.2;
				LOCALIZATION_PREFERS_STRING_CATALOGS = YES;
				MTL_ENABLE_DEBUG_INFO = INCLUDE_SOURCE;
				MTL_FAST_MATH = YES;
				ONLY_ACTIVE_ARCH = YES;
				SDKROOT = iphoneos;
				SWIFT_ACTIVE_COMPILATION_CONDITIONS = "DEBUG $(inherited)";
				SWIFT_OPTIMIZATION_LEVEL = "-Onone";
			};
			name = Debug;
		};
		9390FC012E85C22F00A35604 /* Release */ = {
			isa = XCBuildConfiguration;
			buildSettings = {
				ALWAYS_SEARCH_USER_PATHS = NO;
				ASSETCATALOG_COMPILER_GENERATE_SWIFT_ASSET_SYMBOL_EXTENSIONS = YES;
				CLANG_ANALYZER_NONNULL = YES;
				CLANG_ANALYZER_NUMBER_OBJECT_CONVERSION = YES_AGGRESSIVE;
				CLANG_CXX_LANGUAGE_STANDARD = "gnu++20";
				CLANG_ENABLE_MODULES = YES;
				CLANG_ENABLE_OBJC_ARC = YES;
				CLANG_ENABLE_OBJC_WEAK = YES;
				CLANG_WARN_BLOCK_CAPTURE_AUTORELEASING = YES;
				CLANG_WARN_BOOL_CONVERSION = YES;
				CLANG_WARN_COMMA = YES;
				CLANG_WARN_CONSTANT_CONVERSION = YES;
				CLANG_WARN_DEPRECATED_OBJC_IMPLEMENTATIONS = YES;
				CLANG_WARN_DIRECT_OBJC_ISA_USAGE = YES_ERROR;
				CLANG_WARN_DOCUMENTATION_COMMENTS = YES;
				CLANG_WARN_EMPTY_BODY = YES;
				CLANG_WARN_ENUM_CONVERSION = YES;
				CLANG_WARN_INFINITE_RECURSION = YES;
				CLANG_WARN_INT_CONVERSION = YES;
				CLANG_WARN_NON_LITERAL_NULL_CONVERSION = YES;
				CLANG_WARN_OBJC_IMPLICIT_RETAIN_SELF = YES;
				CLANG_WARN_OBJC_LITERAL_CONVERSION = YES;
				CLANG_WARN_OBJC_ROOT_CLASS = YES_ERROR;
				CLANG_WARN_QUOTED_INCLUDE_IN_FRAMEWORK_HEADER = YES;
				CLANG_WARN_RANGE_LOOP_ANALYSIS = YES;
				CLANG_WARN_STRICT_PROTOTYPES = YES;
				CLANG_WARN_SUSPICIOUS_MOVE = YES;
				CLANG_WARN_UNGUARDED_AVAILABILITY = YES_AGGRESSIVE;
				CLANG_WARN_UNREACHABLE_CODE = YES;
				CLANG_WARN__DUPLICATE_METHOD_MATCH = YES;
				COPY_PHASE_STRIP = NO;
				DEBUG_INFORMATION_FORMAT = "dwarf-with-dsym";
				ENABLE_NS_ASSERTIONS = NO;
				ENABLE_STRICT_OBJC_MSGSEND = YES;
				ENABLE_USER_SCRIPT_SANDBOXING = YES;
				GCC_C_LANGUAGE_STANDARD = gnu17;
				GCC_NO_COMMON_BLOCKS = YES;
				GCC_WARN_64_TO_32_BIT_CONVERSION = YES;
				GCC_WARN_ABOUT_RETURN_TYPE = YES_ERROR;
				GCC_WARN_UNDECLARED_SELECTOR = YES;
				GCC_WARN_UNINITIALIZED_AUTOS = YES_AGGRESSIVE;
				GCC_WARN_UNUSED_FUNCTION = YES;
				GCC_WARN_UNUSED_VARIABLE = YES;
				IPHONEOS_DEPLOYMENT_TARGET = 18.2;
				LOCALIZATION_PREFERS_STRING_CATALOGS = YES;
				MTL_ENABLE_DEBUG_INFO = NO;
				MTL_FAST_MATH = YES;
				SDKROOT = iphoneos;
				SWIFT_COMPILATION_MODE = wholemodule;
				VALIDATE_PRODUCT = YES;
			};
			name = Release;
		};
		9390FC032E85C22F00A35604 /* Debug */ = {
			isa = XCBuildConfiguration;
			buildSettings = {
				ASSETCATALOG_COMPILER_APPICON_NAME = AppIcon;
				ASSETCATALOG_COMPILER_GLOBAL_ACCENT_COLOR_NAME = AccentColor;
				CODE_SIGN_STYLE = Automatic;
				CURRENT_PROJECT_VERSION = 1;
				DEVELOPMENT_ASSET_PATHS = "\"Megabox_2/Preview Content\"";
				ENABLE_PREVIEWS = YES;
				GENERATE_INFOPLIST_FILE = YES;
				INFOPLIST_KEY_UIApplicationSceneManifest_Generation = YES;
				INFOPLIST_KEY_UIApplicationSupportsIndirectInputEvents = YES;
				INFOPLIST_KEY_UILaunchScreen_Generation = YES;
				INFOPLIST_KEY_UISupportedInterfaceOrientations_iPad = "UIInterfaceOrientationPortrait UIInterfaceOrientationPortraitUpsideDown UIInterfaceOrientationLandscapeLeft UIInterfaceOrientationLandscapeRight";
				INFOPLIST_KEY_UISupportedInterfaceOrientations_iPhone = "UIInterfaceOrientationPortrait UIInterfaceOrientationLandscapeLeft UIInterfaceOrientationLandscapeRight";
				LD_RUNPATH_SEARCH_PATHS = (
					"$(inherited)",
					"@executable_path/Frameworks",
				);
				MARKETING_VERSION = 1.0;
				PRODUCT_BUNDLE_IDENTIFIER = "woojin.Megabox-2";
				PRODUCT_NAME = "$(TARGET_NAME)";
				SWIFT_EMIT_LOC_STRINGS = YES;
				SWIFT_VERSION = 5.0;
				TARGETED_DEVICE_FAMILY = "1,2";
			};
			name = Debug;
		};
		9390FC042E85C22F00A35604 /* Release */ = {
			isa = XCBuildConfiguration;
			buildSettings = {
				ASSETCATALOG_COMPILER_APPICON_NAME = AppIcon;
				ASSETCATALOG_COMPILER_GLOBAL_ACCENT_COLOR_NAME = AccentColor;
				CODE_SIGN_STYLE = Automatic;
				CURRENT_PROJECT_VERSION = 1;
				DEVELOPMENT_ASSET_PATHS = "\"Megabox_2/Preview Content\"";
				ENABLE_PREVIEWS = YES;
				GENERATE_INFOPLIST_FILE = YES;
				INFOPLIST_KEY_UIApplicationSceneManifest_Generation = YES;
				INFOPLIST_KEY_UIApplicationSupportsIndirectInputEvents = YES;
				INFOPLIST_KEY_UILaunchScreen_Generation = YES;
				INFOPLIST_KEY_UISupportedInterfaceOrientations_iPad = "UIInterfaceOrientationPortrait UIInterfaceOrientationPortraitUpsideDown UIInterfaceOrientationLandscapeLeft UIInterfaceOrientationLandscapeRight";
				INFOPLIST_KEY_UISupportedInterfaceOrientations_iPhone = "UIInterfaceOrientationPortrait UIInterfaceOrientationLandscapeLeft UIInterfaceOrientationLandscapeRight";
				LD_RUNPATH_SEARCH_PATHS = (
					"$(inherited)",
					"@executable_path/Frameworks",
				);
				MARKETING_VERSION = 1.0;
				PRODUCT_BUNDLE_IDENTIFIER = "woojin.Megabox-2";
				PRODUCT_NAME = "$(TARGET_NAME)";
				SWIFT_EMIT_LOC_STRINGS = YES;
				SWIFT_VERSION = 5.0;
				TARGETED_DEVICE_FAMILY = "1,2";
			};
			name = Release;
		};
		9390FC062E85C22F00A35604 /* Debug */ = {
			isa = XCBuildConfiguration;
			buildSettings = {
				BUNDLE_LOADER = "$(TEST_HOST)";
				CODE_SIGN_STYLE = Automatic;
				CURRENT_PROJECT_VERSION = 1;
				GENERATE_INFOPLIST_FILE = YES;
				IPHONEOS_DEPLOYMENT_TARGET = 18.2;
				MARKETING_VERSION = 1.0;
				PRODUCT_BUNDLE_IDENTIFIER = "woojin.Megabox-2Tests";
				PRODUCT_NAME = "$(TARGET_NAME)";
				SWIFT_EMIT_LOC_STRINGS = NO;
				SWIFT_VERSION = 5.0;
				TARGETED_DEVICE_FAMILY = "1,2";
				TEST_HOST = "$(BUILT_PRODUCTS_DIR)/Megabox_2.app/$(BUNDLE_EXECUTABLE_FOLDER_PATH)/Megabox_2";
			};
			name = Debug;
		};
		9390FC072E85C22F00A35604 /* Release */ = {
			isa = XCBuildConfiguration;
			buildSettings = {
				BUNDLE_LOADER = "$(TEST_HOST)";
				CODE_SIGN_STYLE = Automatic;
				CURRENT_PROJECT_VERSION = 1;
				GENERATE_INFOPLIST_FILE = YES;
				IPHONEOS_DEPLOYMENT_TARGET = 18.2;
				MARKETING_VERSION = 1.0;
				PRODUCT_BUNDLE_IDENTIFIER = "woojin.Megabox-2Tests";
				PRODUCT_NAME = "$(TARGET_NAME)";
				SWIFT_EMIT_LOC_STRINGS = NO;
				SWIFT_VERSION = 5.0;
				TARGETED_DEVICE_FAMILY = "1,2";
				TEST_HOST = "$(BUILT_PRODUCTS_DIR)/Megabox_2.app/$(BUNDLE_EXECUTABLE_FOLDER_PATH)/Megabox_2";
			};
			name = Release;
		};
		9390FC092E85C22F00A35604 /* Debug */ = {
			isa = XCBuildConfiguration;
			buildSettings = {
				CODE_SIGN_STYLE = Automatic;
				CURRENT_PROJECT_VERSION = 1;
				GENERATE_INFOPLIST_FILE = YES;
				MARKETING_VERSION = 1.0;
				PRODUCT_BUNDLE_IDENTIFIER = "woojin.Megabox-2UITests";
				PRODUCT_NAME = "$(TARGET_NAME)";
				SWIFT_EMIT_LOC_STRINGS = NO;
				SWIFT_VERSION = 5.0;
				TARGETED_DEVICE_FAMILY = "1,2";
				TEST_TARGET_NAME = Megabox_2;
			};
			name = Debug;
		};
		9390FC0A2E85C22F00A35604 /* Release */ = {
			isa = XCBuildConfiguration;
			buildSettings = {
				CODE_SIGN_STYLE = Automatic;
				CURRENT_PROJECT_VERSION = 1;
				GENERATE_INFOPLIST_FILE = YES;
				MARKETING_VERSION = 1.0;
				PRODUCT_BUNDLE_IDENTIFIER = "woojin.Megabox-2UITests";
				PRODUCT_NAME = "$(TARGET_NAME)";
				SWIFT_EMIT_LOC_STRINGS = NO;
				SWIFT_VERSION = 5.0;
				TARGETED_DEVICE_FAMILY = "1,2";
				TEST_TARGET_NAME = Megabox_2;
			};
			name = Release;
		};
/* End XCBuildConfiguration section */

/* Begin XCConfigurationList section */
		9390FBD92E85C22D00A35604 /* Build configuration list for PBXProject "Megabox_2" */ = {
			isa = XCConfigurationList;
			buildConfigurations = (
				9390FC002E85C22F00A35604 /* Debug */,
				9390FC012E85C22F00A35604 /* Release */,
			);
			defaultConfigurationIsVisible = 0;
			defaultConfigurationName = Release;
		};
		9390FC022E85C22F00A35604 /* Build configuration list for PBXNativeTarget "Megabox_2" */ = {
			isa = XCConfigurationList;
			buildConfigurations = (
				9390FC032E85C22F00A35604 /* Debug */,
				9390FC042E85C22F00A35604 /* Release */,
			);
			defaultConfigurationIsVisible = 0;
			defaultConfigurationName = Release;
		};
		9390FC052E85C22F00A35604 /* Build configuration list for PBXNativeTarget "Megabox_2Tests" */ = {
			isa = XCConfigurationList;
			buildConfigurations = (
				9390FC062E85C22F00A35604 /* Debug */,
				9390FC072E85C22F00A35604 /* Release */,
			);
			defaultConfigurationIsVisible = 0;
			defaultConfigurationName = Release;
		};
		9390FC082E85C22F00A35604 /* Build configuration list for PBXNativeTarget "Megabox_2UITests" */ = {
			isa = XCConfigurationList;
			buildConfigurations = (
				9390FC092E85C22F00A35604 /* Debug */,
				9390FC0A2E85C22F00A35604 /* Release */,
			);
			defaultConfigurationIsVisible = 0;
			defaultConfigurationName = Release;
		};
/* End XCConfigurationList section */
	};
	rootObject = 9390FBD62E85C22D00A35604 /* Project object */;
}
